
Microsoft Visual Studio Solution File, Format Version 12.00
# Visual Studio Version 17
VisualStudioVersion = 17.0.31825.309
MinimumVisualStudioVersion = 10.0.40219.1
Project("{9A19103F-16F7-4668-BE54-9A1E7A4F7556}") = "TransitiveGroupBy", "TransitiveGroupBy\TransitiveGroupBy.csproj", "{AA25D719-4973-4CFD-BC3A-3FA4957591B3}"
EndProject
Project("{2150E333-8FDC-42A3-9474-1A3956D46DE8}") = "Solution Items", "Solution Items", "{31901C5F-AFE9-400E-B940-EF641A056B14}"
	ProjectSection(SolutionItems) = preProject
		Directory.Build.props = Directory.Build.props
	EndProjectSection
EndProject
Project("{FAE04EC0-301F-11D3-BF4B-00C04F79EFBC}") = "TransitiveGroupByTests", "TransitiveGroupByTests\TransitiveGroupByTests.csproj", "{27E4C3C8-24BD-4FAA-A53B-E96BEBDBCF10}"
EndProject
Global
	GlobalSection(SolutionConfigurationPlatforms) = preSolution
		Debug|Any CPU = Debug|Any CPU
		Release|Any CPU = Release|Any CPU
	EndGlobalSection
	GlobalSection(ProjectConfigurationPlatforms) = postSolution
		{AA25D719-4973-4CFD-BC3A-3FA4957591B3}.Debug|Any CPU.ActiveCfg = Debug|Any CPU
		{AA25D719-4973-4CFD-BC3A-3FA4957591B3}.Debug|Any CPU.Build.0 = Debug|Any CPU
		{AA25D719-4973-4CFD-BC3A-3FA4957591B3}.Release|Any CPU.ActiveCfg = Release|Any CPU
		{AA25D719-4973-4CFD-BC3A-3FA4957591B3}.Release|Any CPU.Build.0 = Release|Any CPU
		{27E4C3C8-24BD-4FAA-A53B-E96BEBDBCF10}.Debug|Any CPU.ActiveCfg = Debug|Any CPU
		{27E4C3C8-24BD-4FAA-A53B-E96BEBDBCF10}.Debug|Any CPU.Build.0 = Debug|Any CPU
		{27E4C3C8-24BD-4FAA-A53B-E96BEBDBCF10}.Release|Any CPU.ActiveCfg = Release|Any CPU
		{27E4C3C8-24BD-4FAA-A53B-E96BEBDBCF10}.Release|Any CPU.Build.0 = Release|Any CPU
	EndGlobalSection
	GlobalSection(SolutionProperties) = preSolution
		HideSolutionNode = FALSE
	EndGlobalSection
	GlobalSection(ExtensibilityGlobals) = postSolution
		SolutionGuid = {39BCE69B-FD63-40E4-AD70-786E9216AA29}
	EndGlobalSection
EndGlobal
